// !$*UTF8*$!
{
	archiveVersion = 1;
	classes = {
	};
	objectVersion = 46;
	objects = {

/* Begin PBXBuildFile section */
		844345411839442C00F76408 /* ANTableViewController.m in Sources */ = {isa = PBXBuildFile; fileRef = 8443453F1839442C00F76408 /* ANTableViewController.m */; };
		844345421839442C00F76408 /* ANTableViewController.xib in Resources */ = {isa = PBXBuildFile; fileRef = 844345401839442C00F76408 /* ANTableViewController.xib */; };
		844B4F0A182ADFF600627A69 /* Foundation.framework in Frameworks */ = {isa = PBXBuildFile; fileRef = 844B4F09182ADFF600627A69 /* Foundation.framework */; };
		844B4F0C182ADFF600627A69 /* CoreGraphics.framework in Frameworks */ = {isa = PBXBuildFile; fileRef = 844B4F0B182ADFF600627A69 /* CoreGraphics.framework */; };
		844B4F0E182ADFF600627A69 /* UIKit.framework in Frameworks */ = {isa = PBXBuildFile; fileRef = 844B4F0D182ADFF600627A69 /* UIKit.framework */; };
		844B4F14182ADFF600627A69 /* InfoPlist.strings in Resources */ = {isa = PBXBuildFile; fileRef = 844B4F12182ADFF600627A69 /* InfoPlist.strings */; };
		844B4F16182ADFF600627A69 /* main.m in Sources */ = {isa = PBXBuildFile; fileRef = 844B4F15182ADFF600627A69 /* main.m */; };
		844B4F1A182ADFF600627A69 /* ANAppDelegate.m in Sources */ = {isa = PBXBuildFile; fileRef = 844B4F19182ADFF600627A69 /* ANAppDelegate.m */; };
		844B4F1D182ADFF600627A69 /* Main.storyboard in Resources */ = {isa = PBXBuildFile; fileRef = 844B4F1B182ADFF600627A69 /* Main.storyboard */; };
		844B4F20182ADFF600627A69 /* ANViewController.m in Sources */ = {isa = PBXBuildFile; fileRef = 844B4F1F182ADFF600627A69 /* ANViewController.m */; };
		844B4F22182ADFF600627A69 /* Images.xcassets in Resources */ = {isa = PBXBuildFile; fileRef = 844B4F21182ADFF600627A69 /* Images.xcassets */; };
		844B4F29182ADFF600627A69 /* XCTest.framework in Frameworks */ = {isa = PBXBuildFile; fileRef = 844B4F28182ADFF600627A69 /* XCTest.framework */; };
		844B4F2A182ADFF600627A69 /* Foundation.framework in Frameworks */ = {isa = PBXBuildFile; fileRef = 844B4F09182ADFF600627A69 /* Foundation.framework */; };
		844B4F2B182ADFF600627A69 /* UIKit.framework in Frameworks */ = {isa = PBXBuildFile; fileRef = 844B4F0D182ADFF600627A69 /* UIKit.framework */; };
		844B4F33182ADFF600627A69 /* InfoPlist.strings in Resources */ = {isa = PBXBuildFile; fileRef = 844B4F31182ADFF600627A69 /* InfoPlist.strings */; };
		844B4F35182ADFF600627A69 /* MyProject2Tests.m in Sources */ = {isa = PBXBuildFile; fileRef = 844B4F34182ADFF600627A69 /* MyProject2Tests.m */; };
/* End PBXBuildFile section */

/* Begin PBXContainerItemProxy section */
		844B4F2C182ADFF600627A69 /* PBXContainerItemProxy */ = {
			isa = PBXContainerItemProxy;
			containerPortal = 844B4EFE182ADFF600627A69 /* Project object */;
			proxyType = 1;
			remoteGlobalIDString = 844B4F05182ADFF600627A69;
			remoteInfo = MyProject2;
		};
/* End PBXContainerItemProxy section */

/* Begin PBXFileReference section */
		8443453E1839442C00F76408 /* ANTableViewController.h */ = {isa = PBXFileReference; fileEncoding = 4; lastKnownFileType = sourcecode.c.h; path = ANTableViewController.h; sourceTree = "<group>"; };
		8443453F1839442C00F76408 /* ANTableViewController.m */ = {isa = PBXFileReference; fileEncoding = 4; lastKnownFileType = sourcecode.c.objc; path = ANTableViewController.m; sourceTree = "<group>"; };
		844345401839442C00F76408 /* ANTableViewController.xib */ = {isa = PBXFileReference; fileEncoding = 4; lastKnownFileType = file.xib; path = ANTableViewController.xib; sourceTree = "<group>"; };
		844B4F06182ADFF600627A69 /* MyProject2.app */ = {isa = PBXFileReference; explicitFileType = wrapper.application; includeInIndex = 0; path = MyProject2.app; sourceTree = BUILT_PRODUCTS_DIR; };
		844B4F09182ADFF600627A69 /* Foundation.framework */ = {isa = PBXFileReference; lastKnownFileType = wrapper.framework; name = Foundation.framework; path = System/Library/Frameworks/Foundation.framework; sourceTree = SDKROOT; };
		844B4F0B182ADFF600627A69 /* CoreGraphics.framework */ = {isa = PBXFileReference; lastKnownFileType = wrapper.framework; name = CoreGraphics.framework; path = System/Library/Frameworks/CoreGraphics.framework; sourceTree = SDKROOT; };
		844B4F0D182ADFF600627A69 /* UIKit.framework */ = {isa = PBXFileReference; lastKnownFileType = wrapper.framework; name = UIKit.framework; path = System/Library/Frameworks/UIKit.framework; sourceTree = SDKROOT; };
		844B4F11182ADFF600627A69 /* MyProject2-Info.plist */ = {isa = PBXFileReference; lastKnownFileType = text.plist.xml; path = "MyProject2-Info.plist"; sourceTree = "<group>"; };
		844B4F13182ADFF600627A69 /* en */ = {isa = PBXFileReference; lastKnownFileType = text.plist.strings; name = en; path = en.lproj/InfoPlist.strings; sourceTree = "<group>"; };
		844B4F15182ADFF600627A69 /* main.m */ = {isa = PBXFileReference; lastKnownFileType = sourcecode.c.objc; path = main.m; sourceTree = "<group>"; };
		844B4F17182ADFF600627A69 /* MyProject2-Prefix.pch */ = {isa = PBXFileReference; lastKnownFileType = sourcecode.c.h; path = "MyProject2-Prefix.pch"; sourceTree = "<group>"; };
		844B4F18182ADFF600627A69 /* ANAppDelegate.h */ = {isa = PBXFileReference; lastKnownFileType = sourcecode.c.h; path = ANAppDelegate.h; sourceTree = "<group>"; };
		844B4F19182ADFF600627A69 /* ANAppDelegate.m */ = {isa = PBXFileReference; lastKnownFileType = sourcecode.c.objc; path = ANAppDelegate.m; sourceTree = "<group>"; };
		844B4F1C182ADFF600627A69 /* Base */ = {isa = PBXFileReference; lastKnownFileType = file.storyboard; name = Base; path = Base.lproj/Main.storyboard; sourceTree = "<group>"; };
		844B4F1E182ADFF600627A69 /* ANViewController.h */ = {isa = PBXFileReference; lastKnownFileType = sourcecode.c.h; path = ANViewController.h; sourceTree = "<group>"; };
		844B4F1F182ADFF600627A69 /* ANViewController.m */ = {isa = PBXFileReference; lastKnownFileType = sourcecode.c.objc; path = ANViewController.m; sourceTree = "<group>"; };
		844B4F21182ADFF600627A69 /* Images.xcassets */ = {isa = PBXFileReference; lastKnownFileType = folder.assetcatalog; path = Images.xcassets; sourceTree = "<group>"; };
		844B4F27182ADFF600627A69 /* MyProject2Tests.xctest */ = {isa = PBXFileReference; explicitFileType = wrapper.cfbundle; includeInIndex = 0; path = MyProject2Tests.xctest; sourceTree = BUILT_PRODUCTS_DIR; };
		844B4F28182ADFF600627A69 /* XCTest.framework */ = {isa = PBXFileReference; lastKnownFileType = wrapper.framework; name = XCTest.framework; path = Library/Frameworks/XCTest.framework; sourceTree = DEVELOPER_DIR; };
		844B4F30182ADFF600627A69 /* MyProject2Tests-Info.plist */ = {isa = PBXFileReference; lastKnownFileType = text.plist.xml; path = "MyProject2Tests-Info.plist"; sourceTree = "<group>"; };
		844B4F32182ADFF600627A69 /* en */ = {isa = PBXFileReference; lastKnownFileType = text.plist.strings; name = en; path = en.lproj/InfoPlist.strings; sourceTree = "<group>"; };
		844B4F34182ADFF600627A69 /* MyProject2Tests.m */ = {isa = PBXFileReference; lastKnownFileType = sourcecode.c.objc; path = MyProject2Tests.m; sourceTree = "<group>"; };
/* End PBXFileReference section */

/* Begin PBXFrameworksBuildPhase section */
		844B4F03182ADFF600627A69 /* Frameworks */ = {
			isa = PBXFrameworksBuildPhase;
			buildActionMask = 2147483647;
			files = (
				844B4F0C182ADFF600627A69 /* CoreGraphics.framework in Frameworks */,
				844B4F0E182ADFF600627A69 /* UIKit.framework in Frameworks */,
				844B4F0A182ADFF600627A69 /* Foundation.framework in Frameworks */,
			);
			runOnlyForDeploymentPostprocessing = 0;
		};
		844B4F24182ADFF600627A69 /* Frameworks */ = {
			isa = PBXFrameworksBuildPhase;
			buildActionMask = 2147483647;
			files = (
				844B4F29182ADFF600627A69 /* XCTest.framework in Frameworks */,
				844B4F2B182ADFF600627A69 /* UIKit.framework in Frameworks */,
				844B4F2A182ADFF600627A69 /* Foundation.framework in Frameworks */,
			);
			runOnlyForDeploymentPostprocessing = 0;
		};
/* End PBXFrameworksBuildPhase section */

/* Begin PBXGroup section */
		844B4EFD182ADFF600627A69 = {
			isa = PBXGroup;
			children = (
				8443453E1839442C00F76408 /* ANTableViewController.h */,
				8443453F1839442C00F76408 /* ANTableViewController.m */,
				844345401839442C00F76408 /* ANTableViewController.xib */,
				844B4F0F182ADFF600627A69 /* MyProject2 */,
				844B4F2E182ADFF600627A69 /* MyProject2Tests */,
				844B4F08182ADFF600627A69 /* Frameworks */,
				844B4F07182ADFF600627A69 /* Products */,
			);
			sourceTree = "<group>";
		};
		844B4F07182ADFF600627A69 /* Products */ = {
			isa = PBXGroup;
			children = (
				844B4F06182ADFF600627A69 /* MyProject2.app */,
				844B4F27182ADFF600627A69 /* MyProject2Tests.xctest */,
			);
			name = Products;
			sourceTree = "<group>";
		};
		844B4F08182ADFF600627A69 /* Frameworks */ = {
			isa = PBXGroup;
			children = (
				844B4F09182ADFF600627A69 /* Foundation.framework */,
				844B4F0B182ADFF600627A69 /* CoreGraphics.framework */,
				844B4F0D182ADFF600627A69 /* UIKit.framework */,
				844B4F28182ADFF600627A69 /* XCTest.framework */,
			);
			name = Frameworks;
			sourceTree = "<group>";
		};
		844B4F0F182ADFF600627A69 /* MyProject2 */ = {
			isa = PBXGroup;
			children = (
				844B4F18182ADFF600627A69 /* ANAppDelegate.h */,
				844B4F19182ADFF600627A69 /* ANAppDelegate.m */,
				844B4F1B182ADFF600627A69 /* Main.storyboard */,
				844B4F1E182ADFF600627A69 /* ANViewController.h */,
				844B4F1F182ADFF600627A69 /* ANViewController.m */,
				844B4F21182ADFF600627A69 /* Images.xcassets */,
				844B4F10182ADFF600627A69 /* Supporting Files */,
			);
			path = MyProject2;
			sourceTree = "<group>";
		};
		844B4F10182ADFF600627A69 /* Supporting Files */ = {
			isa = PBXGroup;
			children = (
				844B4F11182ADFF600627A69 /* MyProject2-Info.plist */,
				844B4F12182ADFF600627A69 /* InfoPlist.strings */,
				844B4F15182ADFF600627A69 /* main.m */,
				844B4F17182ADFF600627A69 /* MyProject2-Prefix.pch */,
			);
			name = "Supporting Files";
			sourceTree = "<group>";
		};
		844B4F2E182ADFF600627A69 /* MyProject2Tests */ = {
			isa = PBXGroup;
			children = (
				844B4F34182ADFF600627A69 /* MyProject2Tests.m */,
				844B4F2F182ADFF600627A69 /* Supporting Files */,
			);
			path = MyProject2Tests;
			sourceTree = "<group>";
		};
		844B4F2F182ADFF600627A69 /* Supporting Files */ = {
			isa = PBXGroup;
			children = (
				844B4F30182ADFF600627A69 /* MyProject2Tests-Info.plist */,
				844B4F31182ADFF600627A69 /* InfoPlist.strings */,
			);
			name = "Supporting Files";
			sourceTree = "<group>";
		};
/* End PBXGroup section */

/* Begin PBXNativeTarget section */
		844B4F05182ADFF600627A69 /* MyProject2 */ = {
			isa = PBXNativeTarget;
			buildConfigurationList = 844B4F38182ADFF700627A69 /* Build configuration list for PBXNativeTarget "MyProject2" */;
			buildPhases = (
				844B4F02182ADFF600627A69 /* Sources */,
				844B4F03182ADFF600627A69 /* Frameworks */,
				844B4F04182ADFF600627A69 /* Resources */,
			);
			buildRules = (
			);
			dependencies = (
			);
			name = MyProject2;
			productName = MyProject2;
			productReference = 844B4F06182ADFF600627A69 /* MyProject2.app */;
			productType = "com.apple.product-type.application";
		};
		844B4F26182ADFF600627A69 /* MyProject2Tests */ = {
			isa = PBXNativeTarget;
			buildConfigurationList = 844B4F3B182ADFF700627A69 /* Build configuration list for PBXNativeTarget "MyProject2Tests" */;
			buildPhases = (
				844B4F23182ADFF600627A69 /* Sources */,
				844B4F24182ADFF600627A69 /* Frameworks */,
				844B4F25182ADFF600627A69 /* Resources */,
			);
			buildRules = (
			);
			dependencies = (
				844B4F2D182ADFF600627A69 /* PBXTargetDependency */,
			);
			name = MyProject2Tests;
			productName = MyProject2Tests;
			productReference = 844B4F27182ADFF600627A69 /* MyProject2Tests.xctest */;
			productType = "com.apple.product-type.bundle.unit-test";
		};
/* End PBXNativeTarget section */

/* Begin PBXProject section */
		844B4EFE182ADFF600627A69 /* Project object */ = {
			isa = PBXProject;
			attributes = {
				CLASSPREFIX = AN;
				LastUpgradeCheck = 0500;
				ORGANIZATIONNAME = ANesko;
				TargetAttributes = {
					844B4F26182ADFF600627A69 = {
						TestTargetID = 844B4F05182ADFF600627A69;
					};
				};
			};
			buildConfigurationList = 844B4F01182ADFF600627A69 /* Build configuration list for PBXProject "MyProject2" */;
			compatibilityVersion = "Xcode 3.2";
			developmentRegion = English;
			hasScannedForEncodings = 0;
			knownRegions = (
				en,
				Base,
			);
			mainGroup = 844B4EFD182ADFF600627A69;
			productRefGroup = 844B4F07182ADFF600627A69 /* Products */;
			projectDirPath = "";
			projectRoot = "";
			targets = (
				844B4F05182ADFF600627A69 /* MyProject2 */,
				844B4F26182ADFF600627A69 /* MyProject2Tests */,
			);
		};
/* End PBXProject section */

/* Begin PBXResourcesBuildPhase section */
		844B4F04182ADFF600627A69 /* Resources */ = {
			isa = PBXResourcesBuildPhase;
			buildActionMask = 2147483647;
			files = (
				844345421839442C00F76408 /* ANTableViewController.xib in Resources */,
				844B4F22182ADFF600627A69 /* Images.xcassets in Resources */,
				844B4F14182ADFF600627A69 /* InfoPlist.strings in Resources */,
				844B4F1D182ADFF600627A69 /* Main.storyboard in Resources */,
			);
			runOnlyForDeploymentPostprocessing = 0;
		};
		844B4F25182ADFF600627A69 /* Resources */ = {
			isa = PBXResourcesBuildPhase;
			buildActionMask = 2147483647;
			files = (
				844B4F33182ADFF600627A69 /* InfoPlist.strings in Resources */,
			);
			runOnlyForDeploymentPostprocessing = 0;
		};
/* End PBXResourcesBuildPhase section */

/* Begin PBXSourcesBuildPhase section */
		844B4F02182ADFF600627A69 /* Sources */ = {
			isa = PBXSourcesBuildPhase;
			buildActionMask = 2147483647;
			files = (
				844345411839442C00F76408 /* ANTableViewController.m in Sources */,
				844B4F16182ADFF600627A69 /* main.m in Sources */,
				844B4F20182ADFF600627A69 /* ANViewController.m in Sources */,
				844B4F1A182ADFF600627A69 /* ANAppDelegate.m in Sources */,
			);
			runOnlyForDeploymentPostprocessing = 0;
		};
		844B4F23182ADFF600627A69 /* Sources */ = {
			isa = PBXSourcesBuildPhase;
			buildActionMask = 2147483647;
			files = (
				844B4F35182ADFF600627A69 /* MyProject2Tests.m in Sources */,
			);
			runOnlyForDeploymentPostprocessing = 0;
		};
/* End PBXSourcesBuildPhase section */

/* Begin PBXTargetDependency section */
		844B4F2D182ADFF600627A69 /* PBXTargetDependency */ = {
			isa = PBXTargetDependency;
			target = 844B4F05182ADFF600627A69 /* MyProject2 */;
			targetProxy = 844B4F2C182ADFF600627A69 /* PBXContainerItemProxy */;
		};
/* End PBXTargetDependency section */

/* Begin PBXVariantGroup section */
		844B4F12182ADFF600627A69 /* InfoPlist.strings */ = {
			isa = PBXVariantGroup;
			children = (
				844B4F13182ADFF600627A69 /* en */,
			);
			name = InfoPlist.strings;
			sourceTree = "<group>";
		};
		844B4F1B182ADFF600627A69 /* Main.storyboard */ = {
			isa = PBXVariantGroup;
			children = (
				844B4F1C182ADFF600627A69 /* Base */,
			);
			name = Main.storyboard;
			sourceTree = "<group>";
		};
		844B4F31182ADFF600627A69 /* InfoPlist.strings */ = {
			isa = PBXVariantGroup;
			children = (
				844B4F32182ADFF600627A69 /* en */,
			);
			name = InfoPlist.strings;
			sourceTree = "<group>";
		};
/* End PBXVariantGroup section */

/* Begin XCBuildConfiguration section */
		844B4F36182ADFF700627A69 /* Debug */ = {
			isa = XCBuildConfiguration;
			buildSettings = {
				ALWAYS_SEARCH_USER_PATHS = NO;
				ARCHS = "$(ARCHS_STANDARD_INCLUDING_64_BIT)";
				CLANG_CXX_LANGUAGE_STANDARD = "gnu++0x";
				CLANG_CXX_LIBRARY = "libc++";
				CLANG_ENABLE_MODULES = YES;
				CLANG_ENABLE_OBJC_ARC = YES;
				CLANG_WARN_BOOL_CONVERSION = YES;
				CLANG_WARN_CONSTANT_CONVERSION = YES;
				CLANG_WARN_DIRECT_OBJC_ISA_USAGE = YES_ERROR;
				CLANG_WARN_EMPTY_BODY = YES;
				CLANG_WARN_ENUM_CONVERSION = YES;
				CLANG_WARN_INT_CONVERSION = YES;
				CLANG_WARN_OBJC_ROOT_CLASS = YES_ERROR;
				CLANG_WARN__DUPLICATE_METHOD_MATCH = YES;
				"CODE_SIGN_IDENTITY[sdk=iphoneos*]" = "iPhone Developer";
				COPY_PHASE_STRIP = NO;
				GCC_C_LANGUAGE_STANDARD = gnu99;
				GCC_DYNAMIC_NO_PIC = NO;
				GCC_OPTIMIZATION_LEVEL = 0;
				GCC_PREPROCESSOR_DEFINITIONS = (
					"DEBUG=1",
					"$(inherited)",
				);
				GCC_SYMBOLS_PRIVATE_EXTERN = NO;
				GCC_WARN_64_TO_32_BIT_CONVERSION = YES;
				GCC_WARN_ABOUT_RETURN_TYPE = YES_ERROR;
				GCC_WARN_UNDECLARED_SELECTOR = YES;
				GCC_WARN_UNINITIALIZED_AUTOS = YES;
				GCC_WARN_UNUSED_FUNCTION = YES;
				GCC_WARN_UNUSED_VARIABLE = YES;
				IPHONEOS_DEPLOYMENT_TARGET = 7.0;
				ONLY_ACTIVE_ARCH = YES;
				SDKROOT = iphoneos;
			};
			name = Debug;
		};
		844B4F37182ADFF700627A69 /* Release */ = {
			isa = XCBuildConfiguration;
			buildSettings = {
				ALWAYS_SEARCH_USER_PATHS = NO;
				ARCHS = "$(ARCHS_STANDARD_INCLUDING_64_BIT)";
				CLANG_CXX_LANGUAGE_STANDARD = "gnu++0x";
				CLANG_CXX_LIBRARY = "libc++";
				CLANG_ENABLE_MODULES = YES;
				CLANG_ENABLE_OBJC_ARC = YES;
				CLANG_WARN_BOOL_CONVERSION = YES;
				CLANG_WARN_CONSTANT_CONVERSION = YES;
				CLANG_WARN_DIRECT_OBJC_ISA_USAGE = YES_ERROR;
				CLANG_WARN_EMPTY_BODY = YES;
				CLANG_WARN_ENUM_CONVERSION = YES;
				CLANG_WARN_INT_CONVERSION = YES;
				CLANG_WARN_OBJC_ROOT_CLASS = YES_ERROR;
				CLANG_WARN__DUPLICATE_METHOD_MATCH = YES;
				"CODE_SIGN_IDENTITY[sdk=iphoneos*]" = "iPhone Developer";
				COPY_PHASE_STRIP = YES;
				ENABLE_NS_ASSERTIONS = NO;
				GCC_C_LANGUAGE_STANDARD = gnu99;
				GCC_WARN_64_TO_32_BIT_CONVERSION = YES;
				GCC_WARN_ABOUT_RETURN_TYPE = YES_ERROR;
				GCC_WARN_UNDECLARED_SELECTOR = YES;
				GCC_WARN_UNINITIALIZED_AUTOS = YES;
				GCC_WARN_UNUSED_FUNCTION = YES;
				GCC_WARN_UNUSED_VARIABLE = YES;
				IPHONEOS_DEPLOYMENT_TARGET = 7.0;
				SDKROOT = iphoneos;
				VALIDATE_PRODUCT = YES;
			};
			name = Release;
		};
		844B4F39182ADFF700627A69 /* Debug */ = {
			isa = XCBuildConfiguration;
			buildSettings = {
				ASSETCATALOG_COMPILER_APPICON_NAME = AppIcon;
				ASSETCATALOG_COMPILER_LAUNCHIMAGE_NAME = LaunchImage;
				GCC_PRECOMPILE_PREFIX_HEADER = YES;
				GCC_PREFIX_HEADER = "MyProject2/MyProject2-Prefix.pch";
				INFOPLIST_FILE = "MyProject2/MyProject2-Info.plist";
				PRODUCT_NAME = "$(TARGET_NAME)";
				WRAPPER_EXTENSION = app;
			};
			name = Debug;
		};
		844B4F3A182ADFF700627A69 /* Release */ = {
			isa = XCBuildConfiguration;
			buildSettings = {
				ASSETCATALOG_COMPILER_APPICON_NAME = AppIcon;
				ASSETCATALOG_COMPILER_LAUNCHIMAGE_NAME = LaunchImage;
				GCC_PRECOMPILE_PREFIX_HEADER = YES;
				GCC_PREFIX_HEADER = "MyProject2/MyProject2-Prefix.pch";
				INFOPLIST_FILE = "MyProject2/MyProject2-Info.plist";
				PRODUCT_NAME = "$(TARGET_NAME)";
				WRAPPER_EXTENSION = app;
			};
			name = Release;
		};
		844B4F3C182ADFF700627A69 /* Debug */ = {
			isa = XCBuildConfiguration;
			buildSettings = {
				ARCHS = "$(ARCHS_STANDARD_INCLUDING_64_BIT)";
				BUNDLE_LOADER = "$(BUILT_PRODUCTS_DIR)/MyProject2.app/MyProject2";
				FRAMEWORK_SEARCH_PATHS = (
					"$(SDKROOT)/Developer/Library/Frameworks",
					"$(inherited)",
					"$(DEVELOPER_FRAMEWORKS_DIR)",
				);
				GCC_PRECOMPILE_PREFIX_HEADER = YES;
				GCC_PREFIX_HEADER = "MyProject2/MyProject2-Prefix.pch";
				GCC_PREPROCESSOR_DEFINITIONS = (
					"DEBUG=1",
					"$(inherited)",
				);
				INFOPLIST_FILE = "MyProject2Tests/MyProject2Tests-Info.plist";
				PRODUCT_NAME = "$(TARGET_NAME)";
				TEST_HOST = "$(BUNDLE_LOADER)";
				WRAPPER_EXTENSION = xctest;
			};
			name = Debug;
		};
		844B4F3D182ADFF700627A69 /* Release */ = {
			isa = XCBuildConfiguration;
			buildSettings = {
				ARCHS = "$(ARCHS_STANDARD_INCLUDING_64_BIT)";
				BUNDLE_LOADER = "$(BUILT_PRODUCTS_DIR)/MyProject2.app/MyProject2";
				FRAMEWORK_SEARCH_PATHS = (
					"$(SDKROOT)/Developer/Library/Frameworks",
					"$(inherited)",
					"$(DEVELOPER_FRAMEWORKS_DIR)",
				);
				GCC_PRECOMPILE_PREFIX_HEADER = YES;
				GCC_PREFIX_HEADER = "MyProject2/MyProject2-Prefix.pch";
				INFOPLIST_FILE = "MyProject2Tests/MyProject2Tests-Info.plist";
				PRODUCT_NAME = "$(TARGET_NAME)";
				TEST_HOST = "$(BUNDLE_LOADER)";
				WRAPPER_EXTENSION = xctest;
			};
			name = Release;
		};
/* End XCBuildConfiguration section */

/* Begin XCConfigurationList section */
		844B4F01182ADFF600627A69 /* Build configuration list for PBXProject "MyProject2" */ = {
			isa = XCConfigurationList;
			buildConfigurations = (
				844B4F36182ADFF700627A69 /* Debug */,
				844B4F37182ADFF700627A69 /* Release */,
			);
			defaultConfigurationIsVisible = 0;
			defaultConfigurationName = Release;
		};
		844B4F38182ADFF700627A69 /* Build configuration list for PBXNativeTarget "MyProject2" */ = {
			isa = XCConfigurationList;
			buildConfigurations = (
				844B4F39182ADFF700627A69 /* Debug */,
				844B4F3A182ADFF700627A69 /* Release */,
			);
			defaultConfigurationIsVisible = 0;
			defaultConfigurationName = Release;
		};
		844B4F3B182ADFF700627A69 /* Build configuration list for PBXNativeTarget "MyProject2Tests" */ = {
			isa = XCConfigurationList;
			buildConfigurations = (
				844B4F3C182ADFF700627A69 /* Debug */,
				844B4F3D182ADFF700627A69 /* Release */,
			);
			defaultConfigurationIsVisible = 0;
			defaultConfigurationName = Release;
		};
/* End XCConfigurationList section */
	};
	rootObject = 844B4EFE182ADFF600627A69 /* Project object */;
}
